
Microsoft Visual Studio Solution File, Format Version 12.00
# Visual Studio Version 17
VisualStudioVersion = 17.13.35919.96 d17.13
MinimumVisualStudioVersion = 10.0.40219.1
Project("{FAE04EC0-301F-11D3-BF4B-00C04F79EFBC}") = "WebApi", "WebApi\WebApi.csproj", "{CD34BDA4-C5B1-4B9D-97F1-24C9D42C9921}"
EndProject
Global
	GlobalSection(SolutionConfigurationPlatforms) = preSolution
		Debug|Any CPU = Debug|Any CPU
		Release|Any CPU = Release|Any CPU
	EndGlobalSection
	GlobalSection(ProjectConfigurationPlatforms) = postSolution
		{CD34BDA4-C5B1-4B9D-97F1-24C9D42C9921}.Debug|Any CPU.ActiveCfg = Debug|Any CPU
		{CD34BDA4-C5B1-4B9D-97F1-24C9D42C9921}.Debug|Any CPU.Build.0 = Debug|Any CPU
		{CD34BDA4-C5B1-4B9D-97F1-24C9D42C9921}.Release|Any CPU.ActiveCfg = Release|Any CPU
		{CD34BDA4-C5B1-4B9D-97F1-24C9D42C9921}.Release|Any CPU.Build.0 = Release|Any CPU
	EndGlobalSection
	GlobalSection(SolutionProperties) = preSolution
		HideSolutionNode = FALSE
	EndGlobalSection
	GlobalSection(ExtensibilityGlobals) = postSolution
		SolutionGuid = {4518C042-88A5-448E-BE5F-A8F9A7556634}
	EndGlobalSection
EndGlobal
